
Microsoft Visual Studio Solution File, Format Version 12.00
# Visual Studio Version 17
VisualStudioVersion = 17.6.33723.286
MinimumVisualStudioVersion = 10.0.40219.1
Project("{9A19103F-16F7-4668-BE54-9A1E7A4F7556}") = "Antelcat.IL", "Antelcat.IL\Antelcat.IL.csproj", "{8C55FE54-DBEC-4975-AA18-EC1953A8CC61}"
EndProject
Project("{9A19103F-16F7-4668-BE54-9A1E7A4F7556}") = "Antelcat.IL.Test", "Antelcat.IL.Test\Antelcat.IL.Test.csproj", "{F2240D5A-5D97-4900-A433-90D090B73935}"
EndProject
Global
	GlobalSection(SolutionConfigurationPlatforms) = preSolution
		Debug|Any CPU = Debug|Any CPU
	EndGlobalSection
	GlobalSection(ProjectConfigurationPlatforms) = postSolution
		{8C55FE54-DBEC-4975-AA18-EC1953A8CC61}.Debug|Any CPU.ActiveCfg = Debug|Any CPU
		{8C55FE54-DBEC-4975-AA18-EC1953A8CC61}.Debug|Any CPU.Build.0 = Debug|Any CPU
		{F2240D5A-5D97-4900-A433-90D090B73935}.Debug|Any CPU.ActiveCfg = Debug|Any CPU
		{F2240D5A-5D97-4900-A433-90D090B73935}.Debug|Any CPU.Build.0 = Debug|Any CPU
	EndGlobalSection
	GlobalSection(SolutionProperties) = preSolution
		HideSolutionNode = FALSE
	EndGlobalSection
	GlobalSection(SharedMSBuildProjectFiles) = preSolution
		..\extern\Antelcat.Shared\src\Shared\IL\Antelcat.Shared.IL.projitems*{3ab3fd3d-c47d-4b09-87d7-299abce37bd2}*SharedItemsImports = 13
		..\extern\Antelcat.Shared\src\Shared\IL\Antelcat.Shared.IL.projitems*{8c55fe54-dbec-4975-aa18-ec1953a8cc61}*SharedItemsImports = 5
	EndGlobalSection
EndGlobal
